
Microsoft Visual Studio Solution File, Format Version 12.00
# Visual Studio Version 16
VisualStudioVersion = 16.0.32428.217
MinimumVisualStudioVersion = 10.0.40219.1
Project("{FAE04EC0-301F-11D3-BF4B-00C04F79EFBC}") = "gridChallenge", "gridChallenge.csproj", "{C8691970-B3C4-42E2-BC19-F21BC7D11553}"
EndProject
Global
	GlobalSection(SolutionConfigurationPlatforms) = preSolution
		Debug|Any CPU = Debug|Any CPU
		Release|Any CPU = Release|Any CPU
	EndGlobalSection
	GlobalSection(ProjectConfigurationPlatforms) = postSolution
		{C8691970-B3C4-42E2-BC19-F21BC7D11553}.Debug|Any CPU.ActiveCfg = Debug|Any CPU
		{C8691970-B3C4-42E2-BC19-F21BC7D11553}.Debug|Any CPU.Build.0 = Debug|Any CPU
		{C8691970-B3C4-42E2-BC19-F21BC7D11553}.Release|Any CPU.ActiveCfg = Release|Any CPU
		{C8691970-B3C4-42E2-BC19-F21BC7D11553}.Release|Any CPU.Build.0 = Release|Any CPU
	EndGlobalSection
	GlobalSection(SolutionProperties) = preSolution
		HideSolutionNode = FALSE
	EndGlobalSection
	GlobalSection(ExtensibilityGlobals) = postSolution
		SolutionGuid = {AC45B09E-0B96-4DEA-9B4C-1179DFF1E082}
	EndGlobalSection
EndGlobal
